// !$*UTF8*$!
{
	archiveVersion = 1;
	classes = {
	};
	objectVersion = 56;
	objects = {

/* Begin PBXBuildFile section */
		DA21CDA4290EAB49003315F1 /* DrugListTableViewController.swift in Sources */ = {isa = PBXBuildFile; fileRef = DA21CDA3290EAB49003315F1 /* DrugListTableViewController.swift */; };
		DA21CDA6290EAB80003315F1 /* DrugInfoViewController.swift in Sources */ = {isa = PBXBuildFile; fileRef = DA21CDA5290EAB80003315F1 /* DrugInfoViewController.swift */; };
		DA21CDA9290EABFD003315F1 /* Drug.swift in Sources */ = {isa = PBXBuildFile; fileRef = DA21CDA8290EABFD003315F1 /* Drug.swift */; };
		DA21CDAD290ECABE003315F1 /* CreatorsInfoViewController.swift in Sources */ = {isa = PBXBuildFile; fileRef = DA21CDAC290ECABE003315F1 /* CreatorsInfoViewController.swift */; };
		DAFE617D290EA61200198D5C /* AppDelegate.swift in Sources */ = {isa = PBXBuildFile; fileRef = DAFE617C290EA61200198D5C /* AppDelegate.swift */; };
		DAFE617F290EA61200198D5C /* SceneDelegate.swift in Sources */ = {isa = PBXBuildFile; fileRef = DAFE617E290EA61200198D5C /* SceneDelegate.swift */; };
		DAFE6184290EA61200198D5C /* Main.storyboard in Resources */ = {isa = PBXBuildFile; fileRef = DAFE6182290EA61200198D5C /* Main.storyboard */; };
		DAFE6186290EA61500198D5C /* Assets.xcassets in Resources */ = {isa = PBXBuildFile; fileRef = DAFE6185290EA61500198D5C /* Assets.xcassets */; };
		DAFE6189290EA61500198D5C /* LaunchScreen.storyboard in Resources */ = {isa = PBXBuildFile; fileRef = DAFE6187290EA61500198D5C /* LaunchScreen.storyboard */; };
/* End PBXBuildFile section */

/* Begin PBXFileReference section */
		DA21CDA3290EAB49003315F1 /* DrugListTableViewController.swift */ = {isa = PBXFileReference; lastKnownFileType = sourcecode.swift; path = DrugListTableViewController.swift; sourceTree = "<group>"; };
		DA21CDA5290EAB80003315F1 /* DrugInfoViewController.swift */ = {isa = PBXFileReference; lastKnownFileType = sourcecode.swift; path = DrugInfoViewController.swift; sourceTree = "<group>"; };
		DA21CDA8290EABFD003315F1 /* Drug.swift */ = {isa = PBXFileReference; lastKnownFileType = sourcecode.swift; path = Drug.swift; sourceTree = "<group>"; };
		DA21CDAC290ECABE003315F1 /* CreatorsInfoViewController.swift */ = {isa = PBXFileReference; lastKnownFileType = sourcecode.swift; path = CreatorsInfoViewController.swift; sourceTree = "<group>"; };
		DAFE6179290EA61200198D5C /* PillBoxApp.app */ = {isa = PBXFileReference; explicitFileType = wrapper.application; includeInIndex = 0; path = PillBoxApp.app; sourceTree = BUILT_PRODUCTS_DIR; };
		DAFE617C290EA61200198D5C /* AppDelegate.swift */ = {isa = PBXFileReference; lastKnownFileType = sourcecode.swift; path = AppDelegate.swift; sourceTree = "<group>"; };
		DAFE617E290EA61200198D5C /* SceneDelegate.swift */ = {isa = PBXFileReference; lastKnownFileType = sourcecode.swift; path = SceneDelegate.swift; sourceTree = "<group>"; };
		DAFE6183290EA61200198D5C /* Base */ = {isa = PBXFileReference; lastKnownFileType = file.storyboard; name = Base; path = Base.lproj/Main.storyboard; sourceTree = "<group>"; };
		DAFE6185290EA61500198D5C /* Assets.xcassets */ = {isa = PBXFileReference; lastKnownFileType = folder.assetcatalog; path = Assets.xcassets; sourceTree = "<group>"; };
		DAFE6188290EA61500198D5C /* Base */ = {isa = PBXFileReference; lastKnownFileType = file.storyboard; name = Base; path = Base.lproj/LaunchScreen.storyboard; sourceTree = "<group>"; };
		DAFE618A290EA61500198D5C /* Info.plist */ = {isa = PBXFileReference; lastKnownFileType = text.plist.xml; path = Info.plist; sourceTree = "<group>"; };
/* End PBXFileReference section */

/* Begin PBXFrameworksBuildPhase section */
		DAFE6176290EA61200198D5C /* Frameworks */ = {
			isa = PBXFrameworksBuildPhase;
			buildActionMask = 2147483647;
			files = (
			);
			runOnlyForDeploymentPostprocessing = 0;
		};
/* End PBXFrameworksBuildPhase section */

/* Begin PBXGroup section */
		DA21CDA7290EABD3003315F1 /* Models */ = {
			isa = PBXGroup;
			children = (
				DA21CDA8290EABFD003315F1 /* Drug.swift */,
			);
			path = Models;
			sourceTree = "<group>";
		};
		DAFE6170290EA61200198D5C = {
			isa = PBXGroup;
			children = (
				DAFE617B290EA61200198D5C /* PillBoxApp */,
				DAFE617A290EA61200198D5C /* Products */,
			);
			sourceTree = "<group>";
		};
		DAFE617A290EA61200198D5C /* Products */ = {
			isa = PBXGroup;
			children = (
				DAFE6179290EA61200198D5C /* PillBoxApp.app */,
			);
			name = Products;
			sourceTree = "<group>";
		};
		DAFE617B290EA61200198D5C /* PillBoxApp */ = {
			isa = PBXGroup;
			children = (
				DA21CDA7290EABD3003315F1 /* Models */,
				DAFE6193290EA71100198D5C /* App */,
				DAFE6192290EA6FA00198D5C /* ViewControllers */,
				DAFE6191290EA6EF00198D5C /* Storyboards */,
				DAFE6185290EA61500198D5C /* Assets.xcassets */,
			);
			path = PillBoxApp;
			sourceTree = "<group>";
		};
		DAFE6191290EA6EF00198D5C /* Storyboards */ = {
			isa = PBXGroup;
			children = (
				DAFE6182290EA61200198D5C /* Main.storyboard */,
				DAFE6187290EA61500198D5C /* LaunchScreen.storyboard */,
			);
			path = Storyboards;
			sourceTree = "<group>";
		};
		DAFE6192290EA6FA00198D5C /* ViewControllers */ = {
			isa = PBXGroup;
			children = (
				DA21CDA3290EAB49003315F1 /* DrugListTableViewController.swift */,
				DA21CDA5290EAB80003315F1 /* DrugInfoViewController.swift */,
				DA21CDAC290ECABE003315F1 /* CreatorsInfoViewController.swift */,
			);
			path = ViewControllers;
			sourceTree = "<group>";
		};
		DAFE6193290EA71100198D5C /* App */ = {
			isa = PBXGroup;
			children = (
				DAFE617C290EA61200198D5C /* AppDelegate.swift */,
				DAFE617E290EA61200198D5C /* SceneDelegate.swift */,
				DAFE618A290EA61500198D5C /* Info.plist */,
			);
			path = App;
			sourceTree = "<group>";
		};
/* End PBXGroup section */

/* Begin PBXNativeTarget section */
		DAFE6178290EA61200198D5C /* PillBoxApp */ = {
			isa = PBXNativeTarget;
			buildConfigurationList = DAFE618D290EA61500198D5C /* Build configuration list for PBXNativeTarget "PillBoxApp" */;
			buildPhases = (
				DAFE6175290EA61200198D5C /* Sources */,
				DAFE6176290EA61200198D5C /* Frameworks */,
				DAFE6177290EA61200198D5C /* Resources */,
			);
			buildRules = (
			);
			dependencies = (
			);
			name = PillBoxApp;
			productName = PillBoxApp;
			productReference = DAFE6179290EA61200198D5C /* PillBoxApp.app */;
			productType = "com.apple.product-type.application";
		};
/* End PBXNativeTarget section */

/* Begin PBXProject section */
		DAFE6171290EA61200198D5C /* Project object */ = {
			isa = PBXProject;
			attributes = {
				BuildIndependentTargetsInParallel = 1;
				LastSwiftUpdateCheck = 1400;
				LastUpgradeCheck = 1400;
				TargetAttributes = {
					DAFE6178290EA61200198D5C = {
						CreatedOnToolsVersion = 14.0.1;
					};
				};
			};
			buildConfigurationList = DAFE6174290EA61200198D5C /* Build configuration list for PBXProject "PillBoxApp" */;
			compatibilityVersion = "Xcode 14.0";
			developmentRegion = en;
			hasScannedForEncodings = 0;
			knownRegions = (
				en,
				Base,
			);
			mainGroup = DAFE6170290EA61200198D5C;
			productRefGroup = DAFE617A290EA61200198D5C /* Products */;
			projectDirPath = "";
			projectRoot = "";
			targets = (
				DAFE6178290EA61200198D5C /* PillBoxApp */,
			);
		};
/* End PBXProject section */

/* Begin PBXResourcesBuildPhase section */
		DAFE6177290EA61200198D5C /* Resources */ = {
			isa = PBXResourcesBuildPhase;
			buildActionMask = 2147483647;
			files = (
				DAFE6189290EA61500198D5C /* LaunchScreen.storyboard in Resources */,
				DAFE6186290EA61500198D5C /* Assets.xcassets in Resources */,
				DAFE6184290EA61200198D5C /* Main.storyboard in Resources */,
			);
			runOnlyForDeploymentPostprocessing = 0;
		};
/* End PBXResourcesBuildPhase section */

/* Begin PBXSourcesBuildPhase section */
		DAFE6175290EA61200198D5C /* Sources */ = {
			isa = PBXSourcesBuildPhase;
			buildActionMask = 2147483647;
			files = (
				DA21CDAD290ECABE003315F1 /* CreatorsInfoViewController.swift in Sources */,
				DA21CDA6290EAB80003315F1 /* DrugInfoViewController.swift in Sources */,
				DAFE617D290EA61200198D5C /* AppDelegate.swift in Sources */,
				DA21CDA4290EAB49003315F1 /* DrugListTableViewController.swift in Sources */,
				DA21CDA9290EABFD003315F1 /* Drug.swift in Sources */,
				DAFE617F290EA61200198D5C /* SceneDelegate.swift in Sources */,
			);
			runOnlyForDeploymentPostprocessing = 0;
		};
/* End PBXSourcesBuildPhase section */

/* Begin PBXVariantGroup section */
		DAFE6182290EA61200198D5C /* Main.storyboard */ = {
			isa = PBXVariantGroup;
			children = (
				DAFE6183290EA61200198D5C /* Base */,
			);
			name = Main.storyboard;
			sourceTree = "<group>";
		};
		DAFE6187290EA61500198D5C /* LaunchScreen.storyboard */ = {
			isa = PBXVariantGroup;
			children = (
				DAFE6188290EA61500198D5C /* Base */,
			);
			name = LaunchScreen.storyboard;
			sourceTree = "<group>";
		};
/* End PBXVariantGroup section */

/* Begin XCBuildConfiguration section */
		DAFE618B290EA61500198D5C /* Debug */ = {
			isa = XCBuildConfiguration;
			buildSettings = {
				ALWAYS_SEARCH_USER_PATHS = NO;
				CLANG_ANALYZER_NONNULL = YES;
				CLANG_ANALYZER_NUMBER_OBJECT_CONVERSION = YES_AGGRESSIVE;
				CLANG_CXX_LANGUAGE_STANDARD = "gnu++20";
				CLANG_ENABLE_MODULES = YES;
				CLANG_ENABLE_OBJC_ARC = YES;
				CLANG_ENABLE_OBJC_WEAK = YES;
				CLANG_WARN_BLOCK_CAPTURE_AUTORELEASING = YES;
				CLANG_WARN_BOOL_CONVERSION = YES;
				CLANG_WARN_COMMA = YES;
				CLANG_WARN_CONSTANT_CONVERSION = YES;
				CLANG_WARN_DEPRECATED_OBJC_IMPLEMENTATIONS = YES;
				CLANG_WARN_DIRECT_OBJC_ISA_USAGE = YES_ERROR;
				CLANG_WARN_DOCUMENTATION_COMMENTS = YES;
				CLANG_WARN_EMPTY_BODY = YES;
				CLANG_WARN_ENUM_CONVERSION = YES;
				CLANG_WARN_INFINITE_RECURSION = YES;
				CLANG_WARN_INT_CONVERSION = YES;
				CLANG_WARN_NON_LITERAL_NULL_CONVERSION = YES;
				CLANG_WARN_OBJC_IMPLICIT_RETAIN_SELF = YES;
				CLANG_WARN_OBJC_LITERAL_CONVERSION = YES;
				CLANG_WARN_OBJC_ROOT_CLASS = YES_ERROR;
				CLANG_WARN_QUOTED_INCLUDE_IN_FRAMEWORK_HEADER = YES;
				CLANG_WARN_RANGE_LOOP_ANALYSIS = YES;
				CLANG_WARN_STRICT_PROTOTYPES = YES;
				CLANG_WARN_SUSPICIOUS_MOVE = YES;
				CLANG_WARN_UNGUARDED_AVAILABILITY = YES_AGGRESSIVE;
				CLANG_WARN_UNREACHABLE_CODE = YES;
				CLANG_WARN__DUPLICATE_METHOD_MATCH = YES;
				COPY_PHASE_STRIP = NO;
				DEBUG_INFORMATION_FORMAT = dwarf;
				ENABLE_STRICT_OBJC_MSGSEND = YES;
				ENABLE_TESTABILITY = YES;
				GCC_C_LANGUAGE_STANDARD = gnu11;
				GCC_DYNAMIC_NO_PIC = NO;
				GCC_NO_COMMON_BLOCKS = YES;
				GCC_OPTIMIZATION_LEVEL = 0;
				GCC_PREPROCESSOR_DEFINITIONS = (
					"DEBUG=1",
					"$(inherited)",
				);
				GCC_WARN_64_TO_32_BIT_CONVERSION = YES;
				GCC_WARN_ABOUT_RETURN_TYPE = YES_ERROR;
				GCC_WARN_UNDECLARED_SELECTOR = YES;
				GCC_WARN_UNINITIALIZED_AUTOS = YES_AGGRESSIVE;
				GCC_WARN_UNUSED_FUNCTION = YES;
				GCC_WARN_UNUSED_VARIABLE = YES;
				IPHONEOS_DEPLOYMENT_TARGET = 16.0;
				MTL_ENABLE_DEBUG_INFO = INCLUDE_SOURCE;
				MTL_FAST_MATH = YES;
				ONLY_ACTIVE_ARCH = YES;
				SDKROOT = iphoneos;
				SWIFT_ACTIVE_COMPILATION_CONDITIONS = DEBUG;
				SWIFT_OPTIMIZATION_LEVEL = "-Onone";
			};
			name = Debug;
		};
		DAFE618C290EA61500198D5C /* Release */ = {
			isa = XCBuildConfiguration;
			buildSettings = {
				ALWAYS_SEARCH_USER_PATHS = NO;
				CLANG_ANALYZER_NONNULL = YES;
				CLANG_ANALYZER_NUMBER_OBJECT_CONVERSION = YES_AGGRESSIVE;
				CLANG_CXX_LANGUAGE_STANDARD = "gnu++20";
				CLANG_ENABLE_MODULES = YES;
				CLANG_ENABLE_OBJC_ARC = YES;
				CLANG_ENABLE_OBJC_WEAK = YES;
				CLANG_WARN_BLOCK_CAPTURE_AUTORELEASING = YES;
				CLANG_WARN_BOOL_CONVERSION = YES;
				CLANG_WARN_COMMA = YES;
				CLANG_WARN_CONSTANT_CONVERSION = YES;
				CLANG_WARN_DEPRECATED_OBJC_IMPLEMENTATIONS = YES;
				CLANG_WARN_DIRECT_OBJC_ISA_USAGE = YES_ERROR;
				CLANG_WARN_DOCUMENTATION_COMMENTS = YES;
				CLANG_WARN_EMPTY_BODY = YES;
				CLANG_WARN_ENUM_CONVERSION = YES;
				CLANG_WARN_INFINITE_RECURSION = YES;
				CLANG_WARN_INT_CONVERSION = YES;
				CLANG_WARN_NON_LITERAL_NULL_CONVERSION = YES;
				CLANG_WARN_OBJC_IMPLICIT_RETAIN_SELF = YES;
				CLANG_WARN_OBJC_LITERAL_CONVERSION = YES;
				CLANG_WARN_OBJC_ROOT_CLASS = YES_ERROR;
				CLANG_WARN_QUOTED_INCLUDE_IN_FRAMEWORK_HEADER = YES;
				CLANG_WARN_RANGE_LOOP_ANALYSIS = YES;
				CLANG_WARN_STRICT_PROTOTYPES = YES;
				CLANG_WARN_SUSPICIOUS_MOVE = YES;
				CLANG_WARN_UNGUARDED_AVAILABILITY = YES_AGGRESSIVE;
				CLANG_WARN_UNREACHABLE_CODE = YES;
				CLANG_WARN__DUPLICATE_METHOD_MATCH = YES;
				COPY_PHASE_STRIP = NO;
				DEBUG_INFORMATION_FORMAT = "dwarf-with-dsym";
				ENABLE_NS_ASSERTIONS = NO;
				ENABLE_STRICT_OBJC_MSGSEND = YES;
				GCC_C_LANGUAGE_STANDARD = gnu11;
				GCC_NO_COMMON_BLOCKS = YES;
				GCC_WARN_64_TO_32_BIT_CONVERSION = YES;
				GCC_WARN_ABOUT_RETURN_TYPE = YES_ERROR;
				GCC_WARN_UNDECLARED_SELECTOR = YES;
				GCC_WARN_UNINITIALIZED_AUTOS = YES_AGGRESSIVE;
				GCC_WARN_UNUSED_FUNCTION = YES;
				GCC_WARN_UNUSED_VARIABLE = YES;
				IPHONEOS_DEPLOYMENT_TARGET = 16.0;
				MTL_ENABLE_DEBUG_INFO = NO;
				MTL_FAST_MATH = YES;
				SDKROOT = iphoneos;
				SWIFT_COMPILATION_MODE = wholemodule;
				SWIFT_OPTIMIZATION_LEVEL = "-O";
				VALIDATE_PRODUCT = YES;
			};
			name = Release;
		};
		DAFE618E290EA61500198D5C /* Debug */ = {
			isa = XCBuildConfiguration;
			buildSettings = {
				ASSETCATALOG_COMPILER_APPICON_NAME = AppIcon;
				ASSETCATALOG_COMPILER_GLOBAL_ACCENT_COLOR_NAME = AccentColor;
				CODE_SIGN_STYLE = Automatic;
				CURRENT_PROJECT_VERSION = 1;
				GENERATE_INFOPLIST_FILE = YES;
				INFOPLIST_FILE = PillBoxApp/App/Info.plist;
				INFOPLIST_KEY_UIApplicationSupportsIndirectInputEvents = YES;
				INFOPLIST_KEY_UILaunchStoryboardName = LaunchScreen;
				INFOPLIST_KEY_UIMainStoryboardFile = Main;
				INFOPLIST_KEY_UISupportedInterfaceOrientations = UIInterfaceOrientationPortrait;
				INFOPLIST_KEY_UISupportedInterfaceOrientations_iPad = "UIInterfaceOrientationLandscapeLeft UIInterfaceOrientationLandscapeRight UIInterfaceOrientationPortrait UIInterfaceOrientationPortraitUpsideDown";
				IPHONEOS_DEPLOYMENT_TARGET = 15.5;
				LD_RUNPATH_SEARCH_PATHS = (
					"$(inherited)",
					"@executable_path/Frameworks",
				);
				MARKETING_VERSION = 1.0;
				PRODUCT_BUNDLE_IDENTIFIER = "Nikita-Chekan.PillBoxApp";
				PRODUCT_NAME = "$(TARGET_NAME)";
				SUPPORTED_PLATFORMS = "iphoneos iphonesimulator";
				SUPPORTS_MACCATALYST = NO;
				SUPPORTS_MAC_DESIGNED_FOR_IPHONE_IPAD = NO;
				SWIFT_EMIT_LOC_STRINGS = YES;
				SWIFT_VERSION = 5.0;
				TARGETED_DEVICE_FAMILY = 1;
			};
			name = Debug;
		};
		DAFE618F290EA61500198D5C /* Release */ = {
			isa = XCBuildConfiguration;
			buildSettings = {
				ASSETCATALOG_COMPILER_APPICON_NAME = AppIcon;
				ASSETCATALOG_COMPILER_GLOBAL_ACCENT_COLOR_NAME = AccentColor;
				CODE_SIGN_STYLE = Automatic;
				CURRENT_PROJECT_VERSION = 1;
				GENERATE_INFOPLIST_FILE = YES;
				INFOPLIST_FILE = PillBoxApp/App/Info.plist;
				INFOPLIST_KEY_UIApplicationSupportsIndirectInputEvents = YES;
				INFOPLIST_KEY_UILaunchStoryboardName = LaunchScreen;
				INFOPLIST_KEY_UIMainStoryboardFile = Main;
				INFOPLIST_KEY_UISupportedInterfaceOrientations = UIInterfaceOrientationPortrait;
				INFOPLIST_KEY_UISupportedInterfaceOrientations_iPad = "UIInterfaceOrientationLandscapeLeft UIInterfaceOrientationLandscapeRight UIInterfaceOrientationPortrait UIInterfaceOrientationPortraitUpsideDown";
				IPHONEOS_DEPLOYMENT_TARGET = 15.5;
				LD_RUNPATH_SEARCH_PATHS = (
					"$(inherited)",
					"@executable_path/Frameworks",
				);
				MARKETING_VERSION = 1.0;
				PRODUCT_BUNDLE_IDENTIFIER = "Nikita-Chekan.PillBoxApp";
				PRODUCT_NAME = "$(TARGET_NAME)";
				SUPPORTED_PLATFORMS = "iphoneos iphonesimulator";
				SUPPORTS_MACCATALYST = NO;
				SUPPORTS_MAC_DESIGNED_FOR_IPHONE_IPAD = NO;
				SWIFT_EMIT_LOC_STRINGS = YES;
				SWIFT_VERSION = 5.0;
				TARGETED_DEVICE_FAMILY = 1;
			};
			name = Release;
		};
/* End XCBuildConfiguration section */

/* Begin XCConfigurationList section */
		DAFE6174290EA61200198D5C /* Build configuration list for PBXProject "PillBoxApp" */ = {
			isa = XCConfigurationList;
			buildConfigurations = (
				DAFE618B290EA61500198D5C /* Debug */,
				DAFE618C290EA61500198D5C /* Release */,
			);
			defaultConfigurationIsVisible = 0;
			defaultConfigurationName = Release;
		};
		DAFE618D290EA61500198D5C /* Build configuration list for PBXNativeTarget "PillBoxApp" */ = {
			isa = XCConfigurationList;
			buildConfigurations = (
				DAFE618E290EA61500198D5C /* Debug */,
				DAFE618F290EA61500198D5C /* Release */,
			);
			defaultConfigurationIsVisible = 0;
			defaultConfigurationName = Release;
		};
/* End XCConfigurationList section */
	};
	rootObject = DAFE6171290EA61200198D5C /* Project object */;
}
